{
  "name": "unity",
  "lockfileVersion": 2,
  "requires": true,
  "packages": {
    "": {
      "dependencies": {
        "@petamoriken/float16": "^3.6.3"
      }
    },
    "node_modules/@petamoriken/float16": {
      "version": "3.6.3",
      "resolved": "https://registry.npmjs.org/@petamoriken/float16/-/float16-3.6.3.tgz",
      "integrity": "sha512-Yx6Z93kmz3JVPYoPPRFJXnt2/G4kfaxRROcZVVHsE4zOClJXvkOVidv/JfvP6hWn16lykbKYKVzUsId6mqXdGg=="
    }
  },
  "dependencies": {
    "@petamoriken/float16": {
      "version": "3.6.3",
      "resolved": "https://registry.npmjs.org/@petamoriken/float16/-/float16-3.6.3.tgz",
      "integrity": "sha512-Yx6Z93kmz3JVPYoPPRFJXnt2/G4kfaxRROcZVVHsE4zOClJXvkOVidv/JfvP6hWn16lykbKYKVzUsId6mqXdGg=="
    }
  }
}
